
Microsoft Visual Studio Solution File, Format Version 12.00
# Visual Studio 15
VisualStudioVersion = 15.0.28307.572
MinimumVisualStudioVersion = 10.0.40219.1
Project("{FAE04EC0-301F-11D3-BF4B-00C04F79EFBC}") = "BotTelegramWeather", "BotTelegramWeather\BotTelegramWeather.csproj", "{037ADFF7-1AEA-4BBB-8EC3-3CC220ECB99C}"
EndProject
Global
	GlobalSection(SolutionConfigurationPlatforms) = preSolution
		Debug|Any CPU = Debug|Any CPU
		Release|Any CPU = Release|Any CPU
	EndGlobalSection
	GlobalSection(ProjectConfigurationPlatforms) = postSolution
		{037ADFF7-1AEA-4BBB-8EC3-3CC220ECB99C}.Debug|Any CPU.ActiveCfg = Debug|Any CPU
		{037ADFF7-1AEA-4BBB-8EC3-3CC220ECB99C}.Debug|Any CPU.Build.0 = Debug|Any CPU
		{037ADFF7-1AEA-4BBB-8EC3-3CC220ECB99C}.Release|Any CPU.ActiveCfg = Release|Any CPU
		{037ADFF7-1AEA-4BBB-8EC3-3CC220ECB99C}.Release|Any CPU.Build.0 = Release|Any CPU
	EndGlobalSection
	GlobalSection(SolutionProperties) = preSolution
		HideSolutionNode = FALSE
	EndGlobalSection
	GlobalSection(ExtensibilityGlobals) = postSolution
		SolutionGuid = {6610A4E1-DE61-4C74-B83A-4E73D72F59CE}
	EndGlobalSection
EndGlobal
